Microsoft Visual Studio Solution File, Format Version 9.00
# Visual Studio 2005
Project("{F184B08F-C81C-45F6-A57F-5ABD9991F28F}") = "WebApplication1", "WebApplication1\WebApplication1.vbproj", "{53DD204F-71FC-4D6D-913D-B8025531260E}"
	ProjectSection(WebsiteProperties) = preProject
		Debug.AspNetCompiler.Debug = "True"
		Release.AspNetCompiler.Debug = "False"
	EndProjectSection
EndProject
Global
	GlobalSection(SolutionConfigurationPlatforms) = preSolution
		Debug|Any CPU = Debug|Any CPU
		Release|Any CPU = Release|Any CPU
	EndGlobalSection
	GlobalSection(ProjectConfigurationPlatforms) = postSolution
		{53DD204F-71FC-4D6D-913D-B8025531260E}.Debug|Any CPU.ActiveCfg = Debug|Any CPU
		{53DD204F-71FC-4D6D-913D-B8025531260E}.Debug|Any CPU.Build.0 = Debug|Any CPU
		{53DD204F-71FC-4D6D-913D-B8025531260E}.Release|Any CPU.ActiveCfg = Release|Any CPU
		{53DD204F-71FC-4D6D-913D-B8025531260E}.Release|Any CPU.Build.0 = Release|Any CPU
	EndGlobalSection
	GlobalSection(SolutionProperties) = preSolution
		HideSolutionNode = FALSE
	EndGlobalSection
EndGlobal
